
Microsoft Visual Studio Solution File, Format Version 12.00
# Visual Studio 2013
VisualStudioVersion = 12.0.31101.0
MinimumVisualStudioVersion = 10.0.40219.1
Project("{FAE04EC0-301F-11D3-BF4B-00C04F79EFBC}") = "RSG.UnityApp", "RSG.UnityApp.csproj", "{D33A6F6D-49C7-4CE2-A2A9-0BCDBBBB12EA}"
EndProject
Project("{FAE04EC0-301F-11D3-BF4B-00C04F79EFBC}") = "Tests", "Tests\Tests.csproj", "{BFBB18BE-A0EB-42AB-94AD-294099877103}"
EndProject
Global
	GlobalSection(SolutionConfigurationPlatforms) = preSolution
		Debug|Any CPU = Debug|Any CPU
		Release|Any CPU = Release|Any CPU
	EndGlobalSection
	GlobalSection(ProjectConfigurationPlatforms) = postSolution
		{D33A6F6D-49C7-4CE2-A2A9-0BCDBBBB12EA}.Debug|Any CPU.ActiveCfg = Debug|Any CPU
		{D33A6F6D-49C7-4CE2-A2A9-0BCDBBBB12EA}.Debug|Any CPU.Build.0 = Debug|Any CPU
		{D33A6F6D-49C7-4CE2-A2A9-0BCDBBBB12EA}.Release|Any CPU.ActiveCfg = Release|Any CPU
		{D33A6F6D-49C7-4CE2-A2A9-0BCDBBBB12EA}.Release|Any CPU.Build.0 = Release|Any CPU
		{BFBB18BE-A0EB-42AB-94AD-294099877103}.Debug|Any CPU.ActiveCfg = Debug|Any CPU
		{BFBB18BE-A0EB-42AB-94AD-294099877103}.Debug|Any CPU.Build.0 = Debug|Any CPU
		{BFBB18BE-A0EB-42AB-94AD-294099877103}.Release|Any CPU.ActiveCfg = Release|Any CPU
		{BFBB18BE-A0EB-42AB-94AD-294099877103}.Release|Any CPU.Build.0 = Release|Any CPU
	EndGlobalSection
	GlobalSection(SolutionProperties) = preSolution
		HideSolutionNode = FALSE
	EndGlobalSection
EndGlobal
